
Microsoft Visual Studio Solution File, Format Version 12.00
# Visual Studio 15
Project("{FAE04EC0-301F-11D3-BF4B-00C04F79EFBC}") = "Assembly-CSharp", "Assembly-CSharp.csproj", "{26E3C68B-63D2-8486-E288-65F02C4A1E5A}"
EndProject
Project("{FAE04EC0-301F-11D3-BF4B-00C04F79EFBC}") = "Assembly-CSharp-Editor", "Assembly-CSharp-Editor.csproj", "{7B0AC0D9-E68D-757F-36DD-5D6FD5BFD47B}"
EndProject
Global
	GlobalSection(SolutionConfigurationPlatforms) = preSolution
		Debug|Any CPU = Debug|Any CPU
		Release|Any CPU = Release|Any CPU
	EndGlobalSection
	GlobalSection(ProjectConfigurationPlatforms) = postSolution
		{26E3C68B-63D2-8486-E288-65F02C4A1E5A}.Debug|Any CPU.ActiveCfg = Debug|Any CPU
		{26E3C68B-63D2-8486-E288-65F02C4A1E5A}.Debug|Any CPU.Build.0 = Debug|Any CPU
		{26E3C68B-63D2-8486-E288-65F02C4A1E5A}.Release|Any CPU.ActiveCfg = Release|Any CPU
		{26E3C68B-63D2-8486-E288-65F02C4A1E5A}.Release|Any CPU.Build.0 = Release|Any CPU
		{7B0AC0D9-E68D-757F-36DD-5D6FD5BFD47B}.Debug|Any CPU.ActiveCfg = Debug|Any CPU
		{7B0AC0D9-E68D-757F-36DD-5D6FD5BFD47B}.Debug|Any CPU.Build.0 = Debug|Any CPU
		{7B0AC0D9-E68D-757F-36DD-5D6FD5BFD47B}.Release|Any CPU.ActiveCfg = Release|Any CPU
		{7B0AC0D9-E68D-757F-36DD-5D6FD5BFD47B}.Release|Any CPU.Build.0 = Release|Any CPU
	EndGlobalSection
	GlobalSection(SolutionProperties) = preSolution
		HideSolutionNode = FALSE
	EndGlobalSection
EndGlobal
